// !$*UTF8*$!
{
	archiveVersion = 1;
	classes = {
	};
	objectVersion = 46;
	objects = {

/* Begin PBXAggregateTarget section */
		"localize::localizePackageTests::ProductTarget" /* localizePackageTests */ = {
			isa = PBXAggregateTarget;
			buildConfigurationList = OBJ_117 /* Build configuration list for PBXAggregateTarget "localizePackageTests" */;
			buildPhases = (
			);
			dependencies = (
				OBJ_120 /* PBXTargetDependency */,
			);
			name = localizePackageTests;
			productName = localizePackageTests;
		};
/* End PBXAggregateTarget section */

/* Begin PBXBuildFile section */
		2152C36A2244C87E0002E1ED /* GetStringdictStep.swift in Sources */ = {isa = PBXBuildFile; fileRef = 2152C3682244C81F0002E1ED /* GetStringdictStep.swift */; };
		2152C36D2244CB9B0002E1ED /* PluralizeCommand.swift in Sources */ = {isa = PBXBuildFile; fileRef = 2152C36B2244CB620002E1ED /* PluralizeCommand.swift */; };
		OBJ_100 /* WriteLocalizablesStep.swift in Sources */ = {isa = PBXBuildFile; fileRef = OBJ_34 /* WriteLocalizablesStep.swift */; };
		OBJ_101 /* CommandLineTool.swift in Sources */ = {isa = PBXBuildFile; fileRef = OBJ_36 /* CommandLineTool.swift */; };
		OBJ_102 /* FileIterator.swift in Sources */ = {isa = PBXBuildFile; fileRef = OBJ_37 /* FileIterator.swift */; };
		OBJ_103 /* LocalizableWriter.swift in Sources */ = {isa = PBXBuildFile; fileRef = OBJ_38 /* LocalizableWriter.swift */; };
		OBJ_104 /* StringMatcher.swift in Sources */ = {isa = PBXBuildFile; fileRef = OBJ_39 /* StringMatcher.swift */; };
		OBJ_105 /* UnlocalizedStringFinder.swift in Sources */ = {isa = PBXBuildFile; fileRef = OBJ_40 /* UnlocalizedStringFinder.swift */; };
		OBJ_106 /* main.swift in Sources */ = {isa = PBXBuildFile; fileRef = OBJ_41 /* main.swift */; };
		OBJ_108 /* AEXML.framework in Frameworks */ = {isa = PBXBuildFile; fileRef = "AEXML::AEXML::Product" /* AEXML.framework */; };
		OBJ_115 /* Package.swift in Sources */ = {isa = PBXBuildFile; fileRef = OBJ_6 /* Package.swift */; };
		OBJ_126 /* XCTestManifests.swift in Sources */ = {isa = PBXBuildFile; fileRef = OBJ_44 /* XCTestManifests.swift */; };
		OBJ_127 /* localizeTests.swift in Sources */ = {isa = PBXBuildFile; fileRef = OBJ_45 /* localizeTests.swift */; };
		OBJ_129 /* AEXML.framework in Frameworks */ = {isa = PBXBuildFile; fileRef = "AEXML::AEXML::Product" /* AEXML.framework */; };
		OBJ_64 /* Document.swift in Sources */ = {isa = PBXBuildFile; fileRef = OBJ_49 /* Document.swift */; };
		OBJ_65 /* Element.swift in Sources */ = {isa = PBXBuildFile; fileRef = OBJ_50 /* Element.swift */; };
		OBJ_66 /* Error.swift in Sources */ = {isa = PBXBuildFile; fileRef = OBJ_51 /* Error.swift */; };
		OBJ_67 /* Options.swift in Sources */ = {isa = PBXBuildFile; fileRef = OBJ_52 /* Options.swift */; };
		OBJ_68 /* Parser.swift in Sources */ = {isa = PBXBuildFile; fileRef = OBJ_53 /* Parser.swift */; };
		OBJ_75 /* Package.swift in Sources */ = {isa = PBXBuildFile; fileRef = OBJ_54 /* Package.swift */; };
		OBJ_81 /* CleanCommand.swift in Sources */ = {isa = PBXBuildFile; fileRef = OBJ_10 /* CleanCommand.swift */; };
		OBJ_82 /* RunCommand.swift in Sources */ = {isa = PBXBuildFile; fileRef = OBJ_11 /* RunCommand.swift */; };
		OBJ_83 /* Collection+KeyPath.swift in Sources */ = {isa = PBXBuildFile; fileRef = OBJ_13 /* Collection+KeyPath.swift */; };
		OBJ_84 /* Dictionary+Creational.swift in Sources */ = {isa = PBXBuildFile; fileRef = OBJ_14 /* Dictionary+Creational.swift */; };
		OBJ_85 /* CommandError.swift in Sources */ = {isa = PBXBuildFile; fileRef = OBJ_17 /* CommandError.swift */; };
		OBJ_86 /* FileExtension.swift in Sources */ = {isa = PBXBuildFile; fileRef = OBJ_18 /* FileExtension.swift */; };
		OBJ_87 /* MatchString.swift in Sources */ = {isa = PBXBuildFile; fileRef = OBJ_19 /* MatchString.swift */; };
		OBJ_88 /* NoOption.swift in Sources */ = {isa = PBXBuildFile; fileRef = OBJ_20 /* NoOption.swift */; };
		OBJ_89 /* PluralString.swift in Sources */ = {isa = PBXBuildFile; fileRef = OBJ_21 /* PluralString.swift */; };
		OBJ_90 /* ReadingFormat.swift in Sources */ = {isa = PBXBuildFile; fileRef = OBJ_22 /* ReadingFormat.swift */; };
		OBJ_91 /* Result.swift in Sources */ = {isa = PBXBuildFile; fileRef = OBJ_23 /* Result.swift */; };
		OBJ_92 /* BaseError.swift in Sources */ = {isa = PBXBuildFile; fileRef = OBJ_25 /* BaseError.swift */; };
		OBJ_93 /* Command.swift in Sources */ = {isa = PBXBuildFile; fileRef = OBJ_26 /* Command.swift */; };
		OBJ_94 /* Step.swift in Sources */ = {isa = PBXBuildFile; fileRef = OBJ_27 /* Step.swift */; };
		OBJ_95 /* CleanStringsStep.swift in Sources */ = {isa = PBXBuildFile; fileRef = OBJ_29 /* CleanStringsStep.swift */; };
		OBJ_96 /* CombineStringsStep.swift in Sources */ = {isa = PBXBuildFile; fileRef = OBJ_30 /* CombineStringsStep.swift */; };
		OBJ_97 /* GenerateStringsStep.swift in Sources */ = {isa = PBXBuildFile; fileRef = OBJ_31 /* GenerateStringsStep.swift */; };
		OBJ_98 /* GetLocalizableStringsStep.swift in Sources */ = {isa = PBXBuildFile; fileRef = OBJ_32 /* GetLocalizableStringsStep.swift */; };
		OBJ_99 /* ParseToPluralStringStep.swift in Sources */ = {isa = PBXBuildFile; fileRef = OBJ_33 /* ParseToPluralStringStep.swift */; };
/* End PBXBuildFile section */

/* Begin PBXContainerItemProxy section */
		2152C3642244A9780002E1ED /* PBXContainerItemProxy */ = {
			isa = PBXContainerItemProxy;
			containerPortal = OBJ_1 /* Project object */;
			proxyType = 1;
			remoteGlobalIDString = "AEXML::AEXML";
			remoteInfo = AEXML;
		};
		2152C3652244A9790002E1ED /* PBXContainerItemProxy */ = {
			isa = PBXContainerItemProxy;
			containerPortal = OBJ_1 /* Project object */;
			proxyType = 1;
			remoteGlobalIDString = "localize::localize";
			remoteInfo = localize;
		};
		2152C3662244A9790002E1ED /* PBXContainerItemProxy */ = {
			isa = PBXContainerItemProxy;
			containerPortal = OBJ_1 /* Project object */;
			proxyType = 1;
			remoteGlobalIDString = "AEXML::AEXML";
			remoteInfo = AEXML;
		};
		2152C3672244A9790002E1ED /* PBXContainerItemProxy */ = {
			isa = PBXContainerItemProxy;
			containerPortal = OBJ_1 /* Project object */;
			proxyType = 1;
			remoteGlobalIDString = "localize::localizeTests";
			remoteInfo = localizeTests;
		};
/* End PBXContainerItemProxy section */

/* Begin PBXFileReference section */
		2152C3682244C81F0002E1ED /* GetStringdictStep.swift */ = {isa = PBXFileReference; lastKnownFileType = sourcecode.swift; path = GetStringdictStep.swift; sourceTree = "<group>"; };
		2152C36B2244CB620002E1ED /* PluralizeCommand.swift */ = {isa = PBXFileReference; lastKnownFileType = sourcecode.swift; path = PluralizeCommand.swift; sourceTree = "<group>"; };
		"AEXML::AEXML::Product" /* AEXML.framework */ = {isa = PBXFileReference; lastKnownFileType = wrapper.framework; path = AEXML.framework; sourceTree = BUILT_PRODUCTS_DIR; };
		OBJ_10 /* CleanCommand.swift */ = {isa = PBXFileReference; lastKnownFileType = sourcecode.swift; path = CleanCommand.swift; sourceTree = "<group>"; };
		OBJ_11 /* RunCommand.swift */ = {isa = PBXFileReference; lastKnownFileType = sourcecode.swift; path = RunCommand.swift; sourceTree = "<group>"; };
		OBJ_13 /* Collection+KeyPath.swift */ = {isa = PBXFileReference; lastKnownFileType = sourcecode.swift; path = "Collection+KeyPath.swift"; sourceTree = "<group>"; };
		OBJ_14 /* Dictionary+Creational.swift */ = {isa = PBXFileReference; lastKnownFileType = sourcecode.swift; path = "Dictionary+Creational.swift"; sourceTree = "<group>"; };
		OBJ_17 /* CommandError.swift */ = {isa = PBXFileReference; lastKnownFileType = sourcecode.swift; path = CommandError.swift; sourceTree = "<group>"; };
		OBJ_18 /* FileExtension.swift */ = {isa = PBXFileReference; lastKnownFileType = sourcecode.swift; path = FileExtension.swift; sourceTree = "<group>"; };
		OBJ_19 /* MatchString.swift */ = {isa = PBXFileReference; lastKnownFileType = sourcecode.swift; path = MatchString.swift; sourceTree = "<group>"; };
		OBJ_20 /* NoOption.swift */ = {isa = PBXFileReference; lastKnownFileType = sourcecode.swift; path = NoOption.swift; sourceTree = "<group>"; };
		OBJ_21 /* PluralString.swift */ = {isa = PBXFileReference; lastKnownFileType = sourcecode.swift; path = PluralString.swift; sourceTree = "<group>"; };
		OBJ_22 /* ReadingFormat.swift */ = {isa = PBXFileReference; lastKnownFileType = sourcecode.swift; path = ReadingFormat.swift; sourceTree = "<group>"; };
		OBJ_23 /* Result.swift */ = {isa = PBXFileReference; lastKnownFileType = sourcecode.swift; path = Result.swift; sourceTree = "<group>"; };
		OBJ_25 /* BaseError.swift */ = {isa = PBXFileReference; lastKnownFileType = sourcecode.swift; path = BaseError.swift; sourceTree = "<group>"; };
		OBJ_26 /* Command.swift */ = {isa = PBXFileReference; lastKnownFileType = sourcecode.swift; path = Command.swift; sourceTree = "<group>"; };
		OBJ_27 /* Step.swift */ = {isa = PBXFileReference; lastKnownFileType = sourcecode.swift; path = Step.swift; sourceTree = "<group>"; };
		OBJ_29 /* CleanStringsStep.swift */ = {isa = PBXFileReference; lastKnownFileType = sourcecode.swift; path = CleanStringsStep.swift; sourceTree = "<group>"; };
		OBJ_30 /* CombineStringsStep.swift */ = {isa = PBXFileReference; lastKnownFileType = sourcecode.swift; path = CombineStringsStep.swift; sourceTree = "<group>"; };
		OBJ_31 /* GenerateStringsStep.swift */ = {isa = PBXFileReference; lastKnownFileType = sourcecode.swift; path = GenerateStringsStep.swift; sourceTree = "<group>"; };
		OBJ_32 /* GetLocalizableStringsStep.swift */ = {isa = PBXFileReference; lastKnownFileType = sourcecode.swift; path = GetLocalizableStringsStep.swift; sourceTree = "<group>"; };
		OBJ_33 /* ParseToPluralStringStep.swift */ = {isa = PBXFileReference; lastKnownFileType = sourcecode.swift; path = ParseToPluralStringStep.swift; sourceTree = "<group>"; };
		OBJ_34 /* WriteLocalizablesStep.swift */ = {isa = PBXFileReference; lastKnownFileType = sourcecode.swift; path = WriteLocalizablesStep.swift; sourceTree = "<group>"; };
		OBJ_36 /* CommandLineTool.swift */ = {isa = PBXFileReference; lastKnownFileType = sourcecode.swift; path = CommandLineTool.swift; sourceTree = "<group>"; };
		OBJ_37 /* FileIterator.swift */ = {isa = PBXFileReference; lastKnownFileType = sourcecode.swift; path = FileIterator.swift; sourceTree = "<group>"; };
		OBJ_38 /* LocalizableWriter.swift */ = {isa = PBXFileReference; lastKnownFileType = sourcecode.swift; path = LocalizableWriter.swift; sourceTree = "<group>"; };
		OBJ_39 /* StringMatcher.swift */ = {isa = PBXFileReference; lastKnownFileType = sourcecode.swift; path = StringMatcher.swift; sourceTree = "<group>"; };
		OBJ_40 /* UnlocalizedStringFinder.swift */ = {isa = PBXFileReference; lastKnownFileType = sourcecode.swift; path = UnlocalizedStringFinder.swift; sourceTree = "<group>"; };
		OBJ_41 /* main.swift */ = {isa = PBXFileReference; lastKnownFileType = sourcecode.swift; path = main.swift; sourceTree = "<group>"; };
		OBJ_44 /* XCTestManifests.swift */ = {isa = PBXFileReference; lastKnownFileType = sourcecode.swift; path = XCTestManifests.swift; sourceTree = "<group>"; };
		OBJ_45 /* localizeTests.swift */ = {isa = PBXFileReference; lastKnownFileType = sourcecode.swift; path = localizeTests.swift; sourceTree = "<group>"; };
		OBJ_49 /* Document.swift */ = {isa = PBXFileReference; lastKnownFileType = sourcecode.swift; path = Document.swift; sourceTree = "<group>"; };
		OBJ_50 /* Element.swift */ = {isa = PBXFileReference; lastKnownFileType = sourcecode.swift; path = Element.swift; sourceTree = "<group>"; };
		OBJ_51 /* Error.swift */ = {isa = PBXFileReference; lastKnownFileType = sourcecode.swift; path = Error.swift; sourceTree = "<group>"; };
		OBJ_52 /* Options.swift */ = {isa = PBXFileReference; lastKnownFileType = sourcecode.swift; path = Options.swift; sourceTree = "<group>"; };
		OBJ_53 /* Parser.swift */ = {isa = PBXFileReference; lastKnownFileType = sourcecode.swift; path = Parser.swift; sourceTree = "<group>"; };
		OBJ_54 /* Package.swift */ = {isa = PBXFileReference; explicitFileType = sourcecode.swift; name = Package.swift; path = "/Users/teamdisc/Documents/project/nimbl3/localize/.build/checkouts/AEXML.git--7645966690731309603/Package.swift"; sourceTree = "<group>"; };
		OBJ_6 /* Package.swift */ = {isa = PBXFileReference; explicitFileType = sourcecode.swift; path = Package.swift; sourceTree = "<group>"; };
		"localize::localize::Product" /* localize */ = {isa = PBXFileReference; lastKnownFileType = text; path = localize; sourceTree = BUILT_PRODUCTS_DIR; };
		"localize::localizeTests::Product" /* localizeTests.xctest */ = {isa = PBXFileReference; lastKnownFileType = file; path = localizeTests.xctest; sourceTree = BUILT_PRODUCTS_DIR; };
/* End PBXFileReference section */

/* Begin PBXFrameworksBuildPhase section */
		OBJ_107 /* Frameworks */ = {
			isa = PBXFrameworksBuildPhase;
			buildActionMask = 0;
			files = (
				OBJ_108 /* AEXML.framework in Frameworks */,
			);
			runOnlyForDeploymentPostprocessing = 0;
		};
		OBJ_128 /* Frameworks */ = {
			isa = PBXFrameworksBuildPhase;
			buildActionMask = 0;
			files = (
				OBJ_129 /* AEXML.framework in Frameworks */,
			);
			runOnlyForDeploymentPostprocessing = 0;
		};
		OBJ_69 /* Frameworks */ = {
			isa = PBXFrameworksBuildPhase;
			buildActionMask = 0;
			files = (
			);
			runOnlyForDeploymentPostprocessing = 0;
		};
/* End PBXFrameworksBuildPhase section */

/* Begin PBXGroup section */
		OBJ_12 /* Extensions */ = {
			isa = PBXGroup;
			children = (
				OBJ_13 /* Collection+KeyPath.swift */,
				OBJ_14 /* Dictionary+Creational.swift */,
			);
			path = Extensions;
			sourceTree = "<group>";
		};
		OBJ_15 /* Models */ = {
			isa = PBXGroup;
			children = (
				OBJ_16 /* Errors */,
				OBJ_18 /* FileExtension.swift */,
				OBJ_19 /* MatchString.swift */,
				OBJ_20 /* NoOption.swift */,
				OBJ_21 /* PluralString.swift */,
				OBJ_22 /* ReadingFormat.swift */,
				OBJ_23 /* Result.swift */,
			);
			path = Models;
			sourceTree = "<group>";
		};
		OBJ_16 /* Errors */ = {
			isa = PBXGroup;
			children = (
				OBJ_17 /* CommandError.swift */,
			);
			path = Errors;
			sourceTree = "<group>";
		};
		OBJ_24 /* Protocols */ = {
			isa = PBXGroup;
			children = (
				OBJ_25 /* BaseError.swift */,
				OBJ_26 /* Command.swift */,
				OBJ_27 /* Step.swift */,
			);
			path = Protocols;
			sourceTree = "<group>";
		};
		OBJ_28 /* Steps */ = {
			isa = PBXGroup;
			children = (
				OBJ_29 /* CleanStringsStep.swift */,
				OBJ_30 /* CombineStringsStep.swift */,
				OBJ_31 /* GenerateStringsStep.swift */,
				OBJ_32 /* GetLocalizableStringsStep.swift */,
				2152C3682244C81F0002E1ED /* GetStringdictStep.swift */,
				OBJ_33 /* ParseToPluralStringStep.swift */,
				OBJ_34 /* WriteLocalizablesStep.swift */,
			);
			path = Steps;
			sourceTree = "<group>";
		};
		OBJ_35 /* Utilities */ = {
			isa = PBXGroup;
			children = (
				OBJ_36 /* CommandLineTool.swift */,
				OBJ_37 /* FileIterator.swift */,
				OBJ_38 /* LocalizableWriter.swift */,
				OBJ_39 /* StringMatcher.swift */,
				OBJ_40 /* UnlocalizedStringFinder.swift */,
			);
			path = Utilities;
			sourceTree = "<group>";
		};
		OBJ_42 /* Tests */ = {
			isa = PBXGroup;
			children = (
				OBJ_43 /* localizeTests */,
			);
			name = Tests;
			sourceTree = SOURCE_ROOT;
		};
		OBJ_43 /* localizeTests */ = {
			isa = PBXGroup;
			children = (
				OBJ_44 /* XCTestManifests.swift */,
				OBJ_45 /* localizeTests.swift */,
			);
			name = localizeTests;
			path = Tests/localizeTests;
			sourceTree = SOURCE_ROOT;
		};
		OBJ_46 /* Dependencies */ = {
			isa = PBXGroup;
			children = (
				OBJ_47 /* AEXML 4.3.3 */,
			);
			name = Dependencies;
			sourceTree = "<group>";
		};
		OBJ_47 /* AEXML 4.3.3 */ = {
			isa = PBXGroup;
			children = (
				OBJ_48 /* AEXML */,
				OBJ_54 /* Package.swift */,
			);
			name = "AEXML 4.3.3";
			sourceTree = SOURCE_ROOT;
		};
		OBJ_48 /* AEXML */ = {
			isa = PBXGroup;
			children = (
				OBJ_49 /* Document.swift */,
				OBJ_50 /* Element.swift */,
				OBJ_51 /* Error.swift */,
				OBJ_52 /* Options.swift */,
				OBJ_53 /* Parser.swift */,
			);
			name = AEXML;
			path = ".build/checkouts/AEXML.git--7645966690731309603/Sources/AEXML";
			sourceTree = SOURCE_ROOT;
		};
		OBJ_5 /*  */ = {
			isa = PBXGroup;
			children = (
				OBJ_6 /* Package.swift */,
				OBJ_7 /* Sources */,
				OBJ_42 /* Tests */,
				OBJ_46 /* Dependencies */,
				OBJ_55 /* Products */,
			);
			name = "";
			sourceTree = "<group>";
		};
		OBJ_55 /* Products */ = {
			isa = PBXGroup;
			children = (
				"AEXML::AEXML::Product" /* AEXML.framework */,
				"localize::localize::Product" /* localize */,
				"localize::localizeTests::Product" /* localizeTests.xctest */,
			);
			name = Products;
			sourceTree = BUILT_PRODUCTS_DIR;
		};
		OBJ_7 /* Sources */ = {
			isa = PBXGroup;
			children = (
				OBJ_8 /* localize */,
			);
			name = Sources;
			sourceTree = SOURCE_ROOT;
		};
		OBJ_8 /* localize */ = {
			isa = PBXGroup;
			children = (
				OBJ_9 /* Commands */,
				OBJ_12 /* Extensions */,
				OBJ_15 /* Models */,
				OBJ_24 /* Protocols */,
				OBJ_28 /* Steps */,
				OBJ_35 /* Utilities */,
				OBJ_41 /* main.swift */,
			);
			name = localize;
			path = Sources/localize;
			sourceTree = SOURCE_ROOT;
		};
		OBJ_9 /* Commands */ = {
			isa = PBXGroup;
			children = (
				OBJ_10 /* CleanCommand.swift */,
				2152C36B2244CB620002E1ED /* PluralizeCommand.swift */,
				OBJ_11 /* RunCommand.swift */,
			);
			path = Commands;
			sourceTree = "<group>";
		};
/* End PBXGroup section */

/* Begin PBXNativeTarget section */
		"AEXML::AEXML" /* AEXML */ = {
			isa = PBXNativeTarget;
			buildConfigurationList = OBJ_60 /* Build configuration list for PBXNativeTarget "AEXML" */;
			buildPhases = (
				OBJ_63 /* Sources */,
				OBJ_69 /* Frameworks */,
			);
			buildRules = (
			);
			dependencies = (
			);
			name = AEXML;
			productName = AEXML;
			productReference = "AEXML::AEXML::Product" /* AEXML.framework */;
			productType = "com.apple.product-type.framework";
		};
		"AEXML::SwiftPMPackageDescription" /* AEXMLPackageDescription */ = {
			isa = PBXNativeTarget;
			buildConfigurationList = OBJ_71 /* Build configuration list for PBXNativeTarget "AEXMLPackageDescription" */;
			buildPhases = (
				OBJ_74 /* Sources */,
			);
			buildRules = (
			);
			dependencies = (
			);
			name = AEXMLPackageDescription;
			productName = AEXMLPackageDescription;
			productType = "com.apple.product-type.framework";
		};
		"localize::SwiftPMPackageDescription" /* localizePackageDescription */ = {
			isa = PBXNativeTarget;
			buildConfigurationList = OBJ_111 /* Build configuration list for PBXNativeTarget "localizePackageDescription" */;
			buildPhases = (
				OBJ_114 /* Sources */,
			);
			buildRules = (
			);
			dependencies = (
			);
			name = localizePackageDescription;
			productName = localizePackageDescription;
			productType = "com.apple.product-type.framework";
		};
		"localize::localize" /* localize */ = {
			isa = PBXNativeTarget;
			buildConfigurationList = OBJ_77 /* Build configuration list for PBXNativeTarget "localize" */;
			buildPhases = (
				OBJ_80 /* Sources */,
				OBJ_107 /* Frameworks */,
			);
			buildRules = (
			);
			dependencies = (
				OBJ_109 /* PBXTargetDependency */,
			);
			name = localize;
			productName = localize;
			productReference = "localize::localize::Product" /* localize */;
			productType = "com.apple.product-type.tool";
		};
		"localize::localizeTests" /* localizeTests */ = {
			isa = PBXNativeTarget;
			buildConfigurationList = OBJ_122 /* Build configuration list for PBXNativeTarget "localizeTests" */;
			buildPhases = (
				OBJ_125 /* Sources */,
				OBJ_128 /* Frameworks */,
			);
			buildRules = (
			);
			dependencies = (
				OBJ_130 /* PBXTargetDependency */,
				OBJ_131 /* PBXTargetDependency */,
			);
			name = localizeTests;
			productName = localizeTests;
			productReference = "localize::localizeTests::Product" /* localizeTests.xctest */;
			productType = "com.apple.product-type.bundle.unit-test";
		};
/* End PBXNativeTarget section */

/* Begin PBXProject section */
		OBJ_1 /* Project object */ = {
			isa = PBXProject;
			attributes = {
				LastUpgradeCheck = 9999;
			};
			buildConfigurationList = OBJ_2 /* Build configuration list for PBXProject "localize" */;
			compatibilityVersion = "Xcode 3.2";
			developmentRegion = English;
			hasScannedForEncodings = 0;
			knownRegions = (
				en,
			);
			mainGroup = OBJ_5 /*  */;
			productRefGroup = OBJ_55 /* Products */;
			projectDirPath = "";
			projectRoot = "";
			targets = (
				"AEXML::AEXML" /* AEXML */,
				"AEXML::SwiftPMPackageDescription" /* AEXMLPackageDescription */,
				"localize::localize" /* localize */,
				"localize::SwiftPMPackageDescription" /* localizePackageDescription */,
				"localize::localizePackageTests::ProductTarget" /* localizePackageTests */,
				"localize::localizeTests" /* localizeTests */,
			);
		};
/* End PBXProject section */

/* Begin PBXSourcesBuildPhase section */
		OBJ_114 /* Sources */ = {
			isa = PBXSourcesBuildPhase;
			buildActionMask = 0;
			files = (
				OBJ_115 /* Package.swift in Sources */,
			);
			runOnlyForDeploymentPostprocessing = 0;
		};
		OBJ_125 /* Sources */ = {
			isa = PBXSourcesBuildPhase;
			buildActionMask = 0;
			files = (
				OBJ_126 /* XCTestManifests.swift in Sources */,
				OBJ_127 /* localizeTests.swift in Sources */,
			);
			runOnlyForDeploymentPostprocessing = 0;
		};
		OBJ_63 /* Sources */ = {
			isa = PBXSourcesBuildPhase;
			buildActionMask = 0;
			files = (
				OBJ_64 /* Document.swift in Sources */,
				OBJ_65 /* Element.swift in Sources */,
				OBJ_66 /* Error.swift in Sources */,
				OBJ_67 /* Options.swift in Sources */,
				OBJ_68 /* Parser.swift in Sources */,
			);
			runOnlyForDeploymentPostprocessing = 0;
		};
		OBJ_74 /* Sources */ = {
			isa = PBXSourcesBuildPhase;
			buildActionMask = 0;
			files = (
				OBJ_75 /* Package.swift in Sources */,
			);
			runOnlyForDeploymentPostprocessing = 0;
		};
		OBJ_80 /* Sources */ = {
			isa = PBXSourcesBuildPhase;
			buildActionMask = 0;
			files = (
				OBJ_81 /* CleanCommand.swift in Sources */,
				OBJ_82 /* RunCommand.swift in Sources */,
				OBJ_83 /* Collection+KeyPath.swift in Sources */,
				OBJ_84 /* Dictionary+Creational.swift in Sources */,
				OBJ_85 /* CommandError.swift in Sources */,
				OBJ_86 /* FileExtension.swift in Sources */,
				OBJ_87 /* MatchString.swift in Sources */,
				OBJ_88 /* NoOption.swift in Sources */,
				OBJ_89 /* PluralString.swift in Sources */,
				OBJ_90 /* ReadingFormat.swift in Sources */,
				OBJ_91 /* Result.swift in Sources */,
				OBJ_92 /* BaseError.swift in Sources */,
				OBJ_93 /* Command.swift in Sources */,
				OBJ_94 /* Step.swift in Sources */,
				OBJ_95 /* CleanStringsStep.swift in Sources */,
				OBJ_96 /* CombineStringsStep.swift in Sources */,
				OBJ_97 /* GenerateStringsStep.swift in Sources */,
				OBJ_98 /* GetLocalizableStringsStep.swift in Sources */,
				OBJ_99 /* ParseToPluralStringStep.swift in Sources */,
				2152C36A2244C87E0002E1ED /* GetStringdictStep.swift in Sources */,
				2152C36D2244CB9B0002E1ED /* PluralizeCommand.swift in Sources */,
				OBJ_100 /* WriteLocalizablesStep.swift in Sources */,
				OBJ_101 /* CommandLineTool.swift in Sources */,
				OBJ_102 /* FileIterator.swift in Sources */,
				OBJ_103 /* LocalizableWriter.swift in Sources */,
				OBJ_104 /* StringMatcher.swift in Sources */,
				OBJ_105 /* UnlocalizedStringFinder.swift in Sources */,
				OBJ_106 /* main.swift in Sources */,
			);
			runOnlyForDeploymentPostprocessing = 0;
		};
/* End PBXSourcesBuildPhase section */

/* Begin PBXTargetDependency section */
		OBJ_109 /* PBXTargetDependency */ = {
			isa = PBXTargetDependency;
			target = "AEXML::AEXML" /* AEXML */;
			targetProxy = 2152C3642244A9780002E1ED /* PBXContainerItemProxy */;
		};
		OBJ_120 /* PBXTargetDependency */ = {
			isa = PBXTargetDependency;
			target = "localize::localizeTests" /* localizeTests */;
			targetProxy = 2152C3672244A9790002E1ED /* PBXContainerItemProxy */;
		};
		OBJ_130 /* PBXTargetDependency */ = {
			isa = PBXTargetDependency;
			target = "localize::localize" /* localize */;
			targetProxy = 2152C3652244A9790002E1ED /* PBXContainerItemProxy */;
		};
		OBJ_131 /* PBXTargetDependency */ = {
			isa = PBXTargetDependency;
			target = "AEXML::AEXML" /* AEXML */;
			targetProxy = 2152C3662244A9790002E1ED /* PBXContainerItemProxy */;
		};
/* End PBXTargetDependency section */

/* Begin XCBuildConfiguration section */
		OBJ_112 /* Debug */ = {
			isa = XCBuildConfiguration;
			buildSettings = {
				LD = /usr/bin/true;
				OTHER_SWIFT_FLAGS = "-swift-version 4.2 -I $(TOOLCHAIN_DIR)/usr/lib/swift/pm/4_2 -target x86_64-apple-macosx10.10 -sdk /Applications/Xcode.app/Contents/Developer/Platforms/MacOSX.platform/Developer/SDKs/MacOSX10.14.sdk";
				SWIFT_VERSION = 4.2;
			};
			name = Debug;
		};
		OBJ_113 /* Release */ = {
			isa = XCBuildConfiguration;
			buildSettings = {
				LD = /usr/bin/true;
				OTHER_SWIFT_FLAGS = "-swift-version 4.2 -I $(TOOLCHAIN_DIR)/usr/lib/swift/pm/4_2 -target x86_64-apple-macosx10.10 -sdk /Applications/Xcode.app/Contents/Developer/Platforms/MacOSX.platform/Developer/SDKs/MacOSX10.14.sdk";
				SWIFT_VERSION = 4.2;
			};
			name = Release;
		};
		OBJ_118 /* Debug */ = {
			isa = XCBuildConfiguration;
			buildSettings = {
			};
			name = Debug;
		};
		OBJ_119 /* Release */ = {
			isa = XCBuildConfiguration;
			buildSettings = {
			};
			name = Release;
		};
		OBJ_123 /* Debug */ = {
			isa = XCBuildConfiguration;
			buildSettings = {
				CLANG_ENABLE_MODULES = YES;
				EMBEDDED_CONTENT_CONTAINS_SWIFT = YES;
				FRAMEWORK_SEARCH_PATHS = (
					"$(inherited)",
					"$(PLATFORM_DIR)/Developer/Library/Frameworks",
				);
				HEADER_SEARCH_PATHS = "$(inherited)";
				INFOPLIST_FILE = localize.xcodeproj/localizeTests_Info.plist;
				LD_RUNPATH_SEARCH_PATHS = "$(inherited) @loader_path/../Frameworks @loader_path/Frameworks";
				OTHER_CFLAGS = "$(inherited)";
				OTHER_LDFLAGS = "$(inherited)";
				OTHER_SWIFT_FLAGS = "$(inherited)";
				SWIFT_ACTIVE_COMPILATION_CONDITIONS = "$(inherited)";
				SWIFT_VERSION = 4.2;
				TARGET_NAME = localizeTests;
			};
			name = Debug;
		};
		OBJ_124 /* Release */ = {
			isa = XCBuildConfiguration;
			buildSettings = {
				CLANG_ENABLE_MODULES = YES;
				EMBEDDED_CONTENT_CONTAINS_SWIFT = YES;
				FRAMEWORK_SEARCH_PATHS = (
					"$(inherited)",
					"$(PLATFORM_DIR)/Developer/Library/Frameworks",
				);
				HEADER_SEARCH_PATHS = "$(inherited)";
				INFOPLIST_FILE = localize.xcodeproj/localizeTests_Info.plist;
				LD_RUNPATH_SEARCH_PATHS = "$(inherited) @loader_path/../Frameworks @loader_path/Frameworks";
				OTHER_CFLAGS = "$(inherited)";
				OTHER_LDFLAGS = "$(inherited)";
				OTHER_SWIFT_FLAGS = "$(inherited)";
				SWIFT_ACTIVE_COMPILATION_CONDITIONS = "$(inherited)";
				SWIFT_VERSION = 4.2;
				TARGET_NAME = localizeTests;
			};
			name = Release;
		};
		OBJ_3 /* Debug */ = {
			isa = XCBuildConfiguration;
			buildSettings = {
				CLANG_ENABLE_OBJC_ARC = YES;
				COMBINE_HIDPI_IMAGES = YES;
				COPY_PHASE_STRIP = NO;
				DEBUG_INFORMATION_FORMAT = dwarf;
				DYLIB_INSTALL_NAME_BASE = "@rpath";
				ENABLE_NS_ASSERTIONS = YES;
				GCC_OPTIMIZATION_LEVEL = 0;
				GCC_PREPROCESSOR_DEFINITIONS = (
					"DEBUG=1",
					"$(inherited)",
				);
				MACOSX_DEPLOYMENT_TARGET = 10.10;
				ONLY_ACTIVE_ARCH = YES;
				OTHER_SWIFT_FLAGS = "-DXcode";
				PRODUCT_NAME = "$(TARGET_NAME)";
				SDKROOT = macosx;
				SUPPORTED_PLATFORMS = "macosx iphoneos iphonesimulator appletvos appletvsimulator watchos watchsimulator";
				SWIFT_ACTIVE_COMPILATION_CONDITIONS = "SWIFT_PACKAGE DEBUG";
				SWIFT_OPTIMIZATION_LEVEL = "-Onone";
				USE_HEADERMAP = NO;
			};
			name = Debug;
		};
		OBJ_4 /* Release */ = {
			isa = XCBuildConfiguration;
			buildSettings = {
				CLANG_ENABLE_OBJC_ARC = YES;
				COMBINE_HIDPI_IMAGES = YES;
				COPY_PHASE_STRIP = YES;
				DEBUG_INFORMATION_FORMAT = "dwarf-with-dsym";
				DYLIB_INSTALL_NAME_BASE = "@rpath";
				GCC_OPTIMIZATION_LEVEL = s;
				MACOSX_DEPLOYMENT_TARGET = 10.10;
				OTHER_SWIFT_FLAGS = "-DXcode";
				PRODUCT_NAME = "$(TARGET_NAME)";
				SDKROOT = macosx;
				SUPPORTED_PLATFORMS = "macosx iphoneos iphonesimulator appletvos appletvsimulator watchos watchsimulator";
				SWIFT_ACTIVE_COMPILATION_CONDITIONS = SWIFT_PACKAGE;
				SWIFT_OPTIMIZATION_LEVEL = "-Owholemodule";
				USE_HEADERMAP = NO;
			};
			name = Release;
		};
		OBJ_61 /* Debug */ = {
			isa = XCBuildConfiguration;
			buildSettings = {
				ENABLE_TESTABILITY = YES;
				FRAMEWORK_SEARCH_PATHS = (
					"$(inherited)",
					"$(PLATFORM_DIR)/Developer/Library/Frameworks",
				);
				HEADER_SEARCH_PATHS = "$(inherited)";
				INFOPLIST_FILE = localize.xcodeproj/AEXML_Info.plist;
				LD_RUNPATH_SEARCH_PATHS = "$(inherited) $(TOOLCHAIN_DIR)/usr/lib/swift/macosx";
				OTHER_CFLAGS = "$(inherited)";
				OTHER_LDFLAGS = "$(inherited)";
				OTHER_SWIFT_FLAGS = "$(inherited)";
				PRODUCT_BUNDLE_IDENTIFIER = AEXML;
				PRODUCT_MODULE_NAME = "$(TARGET_NAME:c99extidentifier)";
				PRODUCT_NAME = "$(TARGET_NAME:c99extidentifier)";
				SKIP_INSTALL = YES;
				SWIFT_ACTIVE_COMPILATION_CONDITIONS = "$(inherited)";
				SWIFT_VERSION = 4.2;
				TARGET_NAME = AEXML;
			};
			name = Debug;
		};
		OBJ_62 /* Release */ = {
			isa = XCBuildConfiguration;
			buildSettings = {
				ENABLE_TESTABILITY = YES;
				FRAMEWORK_SEARCH_PATHS = (
					"$(inherited)",
					"$(PLATFORM_DIR)/Developer/Library/Frameworks",
				);
				HEADER_SEARCH_PATHS = "$(inherited)";
				INFOPLIST_FILE = localize.xcodeproj/AEXML_Info.plist;
				LD_RUNPATH_SEARCH_PATHS = "$(inherited) $(TOOLCHAIN_DIR)/usr/lib/swift/macosx";
				OTHER_CFLAGS = "$(inherited)";
				OTHER_LDFLAGS = "$(inherited)";
				OTHER_SWIFT_FLAGS = "$(inherited)";
				PRODUCT_BUNDLE_IDENTIFIER = AEXML;
				PRODUCT_MODULE_NAME = "$(TARGET_NAME:c99extidentifier)";
				PRODUCT_NAME = "$(TARGET_NAME:c99extidentifier)";
				SKIP_INSTALL = YES;
				SWIFT_ACTIVE_COMPILATION_CONDITIONS = "$(inherited)";
				SWIFT_VERSION = 4.2;
				TARGET_NAME = AEXML;
			};
			name = Release;
		};
		OBJ_72 /* Debug */ = {
			isa = XCBuildConfiguration;
			buildSettings = {
				LD = /usr/bin/true;
				OTHER_SWIFT_FLAGS = "-swift-version 4.2 -I $(TOOLCHAIN_DIR)/usr/lib/swift/pm/4_2 -target x86_64-apple-macosx10.10 -sdk /Applications/Xcode.app/Contents/Developer/Platforms/MacOSX.platform/Developer/SDKs/MacOSX10.14.sdk";
				SWIFT_VERSION = 4.2;
			};
			name = Debug;
		};
		OBJ_73 /* Release */ = {
			isa = XCBuildConfiguration;
			buildSettings = {
				LD = /usr/bin/true;
				OTHER_SWIFT_FLAGS = "-swift-version 4.2 -I $(TOOLCHAIN_DIR)/usr/lib/swift/pm/4_2 -target x86_64-apple-macosx10.10 -sdk /Applications/Xcode.app/Contents/Developer/Platforms/MacOSX.platform/Developer/SDKs/MacOSX10.14.sdk";
				SWIFT_VERSION = 4.2;
			};
			name = Release;
		};
		OBJ_78 /* Debug */ = {
			isa = XCBuildConfiguration;
			buildSettings = {
				FRAMEWORK_SEARCH_PATHS = (
					"$(inherited)",
					"$(PLATFORM_DIR)/Developer/Library/Frameworks",
				);
				HEADER_SEARCH_PATHS = "$(inherited)";
				INFOPLIST_FILE = localize.xcodeproj/localize_Info.plist;
				LD_RUNPATH_SEARCH_PATHS = "$(inherited) $(TOOLCHAIN_DIR)/usr/lib/swift/macosx @executable_path";
				OTHER_CFLAGS = "$(inherited)";
				OTHER_LDFLAGS = "$(inherited)";
				OTHER_SWIFT_FLAGS = "$(inherited)";
				SWIFT_ACTIVE_COMPILATION_CONDITIONS = "$(inherited)";
				SWIFT_FORCE_DYNAMIC_LINK_STDLIB = YES;
				SWIFT_FORCE_STATIC_LINK_STDLIB = NO;
				SWIFT_VERSION = 4.2;
				TARGET_NAME = localize;
			};
			name = Debug;
		};
		OBJ_79 /* Release */ = {
			isa = XCBuildConfiguration;
			buildSettings = {
				FRAMEWORK_SEARCH_PATHS = (
					"$(inherited)",
					"$(PLATFORM_DIR)/Developer/Library/Frameworks",
				);
				HEADER_SEARCH_PATHS = "$(inherited)";
				INFOPLIST_FILE = localize.xcodeproj/localize_Info.plist;
				LD_RUNPATH_SEARCH_PATHS = "$(inherited) $(TOOLCHAIN_DIR)/usr/lib/swift/macosx @executable_path";
				OTHER_CFLAGS = "$(inherited)";
				OTHER_LDFLAGS = "$(inherited)";
				OTHER_SWIFT_FLAGS = "$(inherited)";
				SWIFT_ACTIVE_COMPILATION_CONDITIONS = "$(inherited)";
				SWIFT_FORCE_DYNAMIC_LINK_STDLIB = YES;
				SWIFT_FORCE_STATIC_LINK_STDLIB = NO;
				SWIFT_VERSION = 4.2;
				TARGET_NAME = localize;
			};
			name = Release;
		};
/* End XCBuildConfiguration section */

/* Begin XCConfigurationList section */
		OBJ_111 /* Build configuration list for PBXNativeTarget "localizePackageDescription" */ = {
			isa = XCConfigurationList;
			buildConfigurations = (
				OBJ_112 /* Debug */,
				OBJ_113 /* Release */,
			);
			defaultConfigurationIsVisible = 0;
			defaultConfigurationName = Release;
		};
		OBJ_117 /* Build configuration list for PBXAggregateTarget "localizePackageTests" */ = {
			isa = XCConfigurationList;
			buildConfigurations = (
				OBJ_118 /* Debug */,
				OBJ_119 /* Release */,
			);
			defaultConfigurationIsVisible = 0;
			defaultConfigurationName = Release;
		};
		OBJ_122 /* Build configuration list for PBXNativeTarget "localizeTests" */ = {
			isa = XCConfigurationList;
			buildConfigurations = (
				OBJ_123 /* Debug */,
				OBJ_124 /* Release */,
			);
			defaultConfigurationIsVisible = 0;
			defaultConfigurationName = Release;
		};
		OBJ_2 /* Build configuration list for PBXProject "localize" */ = {
			isa = XCConfigurationList;
			buildConfigurations = (
				OBJ_3 /* Debug */,
				OBJ_4 /* Release */,
			);
			defaultConfigurationIsVisible = 0;
			defaultConfigurationName = Release;
		};
		OBJ_60 /* Build configuration list for PBXNativeTarget "AEXML" */ = {
			isa = XCConfigurationList;
			buildConfigurations = (
				OBJ_61 /* Debug */,
				OBJ_62 /* Release */,
			);
			defaultConfigurationIsVisible = 0;
			defaultConfigurationName = Release;
		};
		OBJ_71 /* Build configuration list for PBXNativeTarget "AEXMLPackageDescription" */ = {
			isa = XCConfigurationList;
			buildConfigurations = (
				OBJ_72 /* Debug */,
				OBJ_73 /* Release */,
			);
			defaultConfigurationIsVisible = 0;
			defaultConfigurationName = Release;
		};
		OBJ_77 /* Build configuration list for PBXNativeTarget "localize" */ = {
			isa = XCConfigurationList;
			buildConfigurations = (
				OBJ_78 /* Debug */,
				OBJ_79 /* Release */,
			);
			defaultConfigurationIsVisible = 0;
			defaultConfigurationName = Release;
		};
/* End XCConfigurationList section */
	};
	rootObject = OBJ_1 /* Project object */;
}
