// !$*UTF8*$!
{
	archiveVersion = 1;
	classes = {
	};
	objectVersion = 46;
	objects = {

/* Begin PBXAggregateTarget section */
		"localize::localizePackageTests::ProductTarget" /* localizePackageTests */ = {
			isa = PBXAggregateTarget;
			buildConfigurationList = OBJ_48 /* Build configuration list for PBXAggregateTarget "localizePackageTests" */;
			buildPhases = (
			);
			dependencies = (
				OBJ_51 /* PBXTargetDependency */,
			);
			name = localizePackageTests;
			productName = localizePackageTests;
		};
/* End PBXAggregateTarget section */

/* Begin PBXBuildFile section */
		2140DD602216833800FCAF8F /* GenerateStringsStep.swift in Sources */ = {isa = PBXBuildFile; fileRef = 2140DD5F2216833800FCAF8F /* GenerateStringsStep.swift */; };
		2140DD6322169E5800FCAF8F /* Step.swift in Sources */ = {isa = PBXBuildFile; fileRef = 2140DD6222169E5800FCAF8F /* Step.swift */; };
		2140DD6522169E6E00FCAF8F /* Result.swift in Sources */ = {isa = PBXBuildFile; fileRef = 2140DD6422169E6E00FCAF8F /* Result.swift */; };
		2140DD6722169EB300FCAF8F /* BaseError.swift in Sources */ = {isa = PBXBuildFile; fileRef = 2140DD6622169EB300FCAF8F /* BaseError.swift */; };
		2140DD6A2216A41800FCAF8F /* GetLocalizableStringsStep.swift in Sources */ = {isa = PBXBuildFile; fileRef = 2140DD692216A41800FCAF8F /* GetLocalizableStringsStep.swift */; };
		2140DD6C2216AC8B00FCAF8F /* CombineStringsStep.swift in Sources */ = {isa = PBXBuildFile; fileRef = 2140DD6B2216AC8B00FCAF8F /* CombineStringsStep.swift */; };
		2140DD6E2216AFF800FCAF8F /* WriteLocalizablesStep.swift in Sources */ = {isa = PBXBuildFile; fileRef = 2140DD6D2216AFF800FCAF8F /* WriteLocalizablesStep.swift */; };
		2152C33D22436C570002E1ED /* FileExtension.swift in Sources */ = {isa = PBXBuildFile; fileRef = 2152C33C22436C570002E1ED /* FileExtension.swift */; };
		2152C33F22436C710002E1ED /* Collection+KeyPath.swift in Sources */ = {isa = PBXBuildFile; fileRef = 2152C33E22436C710002E1ED /* Collection+KeyPath.swift */; };
		2152C34122436E6E0002E1ED /* CommandLineTool.swift in Sources */ = {isa = PBXBuildFile; fileRef = 2152C34022436E6E0002E1ED /* CommandLineTool.swift */; };
		2152C344224374C20002E1ED /* RunCommand.swift in Sources */ = {isa = PBXBuildFile; fileRef = 2152C343224374C20002E1ED /* RunCommand.swift */; };
		2152C346224374DA0002E1ED /* CleanCommand.swift in Sources */ = {isa = PBXBuildFile; fileRef = 2152C345224374DA0002E1ED /* CleanCommand.swift */; };
		2152C348224374EA0002E1ED /* Command.swift in Sources */ = {isa = PBXBuildFile; fileRef = 2152C347224374EA0002E1ED /* Command.swift */; };
		2152C34A224374FF0002E1ED /* NoOption.swift in Sources */ = {isa = PBXBuildFile; fileRef = 2152C349224374FF0002E1ED /* NoOption.swift */; };
		2152C34C224378E50002E1ED /* CleanStringsStep.swift in Sources */ = {isa = PBXBuildFile; fileRef = 2152C34B224378E50002E1ED /* CleanStringsStep.swift */; };
		2152C34F22437C490002E1ED /* CommandError.swift in Sources */ = {isa = PBXBuildFile; fileRef = 2152C34E22437C490002E1ED /* CommandError.swift */; };
		OBJ_31 /* Dictionary+Creational.swift in Sources */ = {isa = PBXBuildFile; fileRef = OBJ_9 /* Dictionary+Creational.swift */; };
		OBJ_32 /* FileIterator.swift in Sources */ = {isa = PBXBuildFile; fileRef = OBJ_10 /* FileIterator.swift */; };
		OBJ_33 /* LocalizableWriter.swift in Sources */ = {isa = PBXBuildFile; fileRef = OBJ_11 /* LocalizableWriter.swift */; };
		OBJ_34 /* MatchString.swift in Sources */ = {isa = PBXBuildFile; fileRef = OBJ_12 /* MatchString.swift */; };
		OBJ_35 /* ReadingFileFormat.swift in Sources */ = {isa = PBXBuildFile; fileRef = OBJ_13 /* ReadingFileFormat.swift */; };
		OBJ_37 /* StringMatcher.swift in Sources */ = {isa = PBXBuildFile; fileRef = OBJ_15 /* StringMatcher.swift */; };
		OBJ_38 /* UnlocalizedStringFinder.swift in Sources */ = {isa = PBXBuildFile; fileRef = OBJ_16 /* UnlocalizedStringFinder.swift */; };
		OBJ_39 /* main.swift in Sources */ = {isa = PBXBuildFile; fileRef = OBJ_17 /* main.swift */; };
		OBJ_46 /* Package.swift in Sources */ = {isa = PBXBuildFile; fileRef = OBJ_6 /* Package.swift */; };
		OBJ_57 /* XCTestManifests.swift in Sources */ = {isa = PBXBuildFile; fileRef = OBJ_20 /* XCTestManifests.swift */; };
		OBJ_58 /* localizeTests.swift in Sources */ = {isa = PBXBuildFile; fileRef = OBJ_21 /* localizeTests.swift */; };
/* End PBXBuildFile section */

/* Begin PBXContainerItemProxy section */
		2140DD57221675BA00FCAF8F /* PBXContainerItemProxy */ = {
			isa = PBXContainerItemProxy;
			containerPortal = OBJ_1 /* Project object */;
			proxyType = 1;
			remoteGlobalIDString = "localize::localize";
			remoteInfo = localize;
		};
		2140DD58221675BA00FCAF8F /* PBXContainerItemProxy */ = {
			isa = PBXContainerItemProxy;
			containerPortal = OBJ_1 /* Project object */;
			proxyType = 1;
			remoteGlobalIDString = "localize::localizeTests";
			remoteInfo = localizeTests;
		};
/* End PBXContainerItemProxy section */

/* Begin PBXFileReference section */
		2140DD5F2216833800FCAF8F /* GenerateStringsStep.swift */ = {isa = PBXFileReference; lastKnownFileType = sourcecode.swift; path = GenerateStringsStep.swift; sourceTree = "<group>"; };
		2140DD6222169E5800FCAF8F /* Step.swift */ = {isa = PBXFileReference; lastKnownFileType = sourcecode.swift; path = Step.swift; sourceTree = "<group>"; };
		2140DD6422169E6E00FCAF8F /* Result.swift */ = {isa = PBXFileReference; lastKnownFileType = sourcecode.swift; path = Result.swift; sourceTree = "<group>"; };
		2140DD6622169EB300FCAF8F /* BaseError.swift */ = {isa = PBXFileReference; lastKnownFileType = sourcecode.swift; path = BaseError.swift; sourceTree = "<group>"; };
		2140DD692216A41800FCAF8F /* GetLocalizableStringsStep.swift */ = {isa = PBXFileReference; lastKnownFileType = sourcecode.swift; path = GetLocalizableStringsStep.swift; sourceTree = "<group>"; };
		2140DD6B2216AC8B00FCAF8F /* CombineStringsStep.swift */ = {isa = PBXFileReference; lastKnownFileType = sourcecode.swift; path = CombineStringsStep.swift; sourceTree = "<group>"; };
		2140DD6D2216AFF800FCAF8F /* WriteLocalizablesStep.swift */ = {isa = PBXFileReference; lastKnownFileType = sourcecode.swift; path = WriteLocalizablesStep.swift; sourceTree = "<group>"; };
		2152C33C22436C570002E1ED /* FileExtension.swift */ = {isa = PBXFileReference; lastKnownFileType = sourcecode.swift; path = FileExtension.swift; sourceTree = "<group>"; };
		2152C33E22436C710002E1ED /* Collection+KeyPath.swift */ = {isa = PBXFileReference; lastKnownFileType = sourcecode.swift; path = "Collection+KeyPath.swift"; sourceTree = "<group>"; };
		2152C34022436E6E0002E1ED /* CommandLineTool.swift */ = {isa = PBXFileReference; lastKnownFileType = sourcecode.swift; path = CommandLineTool.swift; sourceTree = "<group>"; };
		2152C343224374C20002E1ED /* RunCommand.swift */ = {isa = PBXFileReference; lastKnownFileType = sourcecode.swift; path = RunCommand.swift; sourceTree = "<group>"; };
		2152C345224374DA0002E1ED /* CleanCommand.swift */ = {isa = PBXFileReference; lastKnownFileType = sourcecode.swift; path = CleanCommand.swift; sourceTree = "<group>"; };
		2152C347224374EA0002E1ED /* Command.swift */ = {isa = PBXFileReference; lastKnownFileType = sourcecode.swift; path = Command.swift; sourceTree = "<group>"; };
		2152C349224374FF0002E1ED /* NoOption.swift */ = {isa = PBXFileReference; lastKnownFileType = sourcecode.swift; path = NoOption.swift; sourceTree = "<group>"; };
		2152C34B224378E50002E1ED /* CleanStringsStep.swift */ = {isa = PBXFileReference; lastKnownFileType = sourcecode.swift; path = CleanStringsStep.swift; sourceTree = "<group>"; };
		2152C34E22437C490002E1ED /* CommandError.swift */ = {isa = PBXFileReference; lastKnownFileType = sourcecode.swift; path = CommandError.swift; sourceTree = "<group>"; };
		OBJ_10 /* FileIterator.swift */ = {isa = PBXFileReference; lastKnownFileType = sourcecode.swift; path = FileIterator.swift; sourceTree = "<group>"; };
		OBJ_11 /* LocalizableWriter.swift */ = {isa = PBXFileReference; lastKnownFileType = sourcecode.swift; path = LocalizableWriter.swift; sourceTree = "<group>"; };
		OBJ_12 /* MatchString.swift */ = {isa = PBXFileReference; lastKnownFileType = sourcecode.swift; path = MatchString.swift; sourceTree = "<group>"; };
		OBJ_13 /* ReadingFileFormat.swift */ = {isa = PBXFileReference; lastKnownFileType = sourcecode.swift; path = ReadingFileFormat.swift; sourceTree = "<group>"; };
		OBJ_15 /* StringMatcher.swift */ = {isa = PBXFileReference; lastKnownFileType = sourcecode.swift; path = StringMatcher.swift; sourceTree = "<group>"; };
		OBJ_16 /* UnlocalizedStringFinder.swift */ = {isa = PBXFileReference; lastKnownFileType = sourcecode.swift; path = UnlocalizedStringFinder.swift; sourceTree = "<group>"; };
		OBJ_17 /* main.swift */ = {isa = PBXFileReference; lastKnownFileType = sourcecode.swift; path = main.swift; sourceTree = "<group>"; };
		OBJ_20 /* XCTestManifests.swift */ = {isa = PBXFileReference; lastKnownFileType = sourcecode.swift; path = XCTestManifests.swift; sourceTree = "<group>"; };
		OBJ_21 /* localizeTests.swift */ = {isa = PBXFileReference; lastKnownFileType = sourcecode.swift; path = localizeTests.swift; sourceTree = "<group>"; };
		OBJ_6 /* Package.swift */ = {isa = PBXFileReference; explicitFileType = sourcecode.swift; path = Package.swift; sourceTree = "<group>"; };
		OBJ_9 /* Dictionary+Creational.swift */ = {isa = PBXFileReference; lastKnownFileType = sourcecode.swift; path = "Dictionary+Creational.swift"; sourceTree = "<group>"; };
		"localize::localize::Product" /* localize */ = {isa = PBXFileReference; explicitFileType = "compiled.mach-o.executable"; path = localize; sourceTree = BUILT_PRODUCTS_DIR; };
		"localize::localizeTests::Product" /* localizeTests.xctest */ = {isa = PBXFileReference; lastKnownFileType = file; path = localizeTests.xctest; sourceTree = BUILT_PRODUCTS_DIR; };
/* End PBXFileReference section */

/* Begin PBXFrameworksBuildPhase section */
		OBJ_40 /* Frameworks */ = {
			isa = PBXFrameworksBuildPhase;
			buildActionMask = 0;
			files = (
			);
			runOnlyForDeploymentPostprocessing = 0;
		};
		OBJ_59 /* Frameworks */ = {
			isa = PBXFrameworksBuildPhase;
			buildActionMask = 0;
			files = (
			);
			runOnlyForDeploymentPostprocessing = 0;
		};
/* End PBXFrameworksBuildPhase section */

/* Begin PBXGroup section */
		2140DD592216775A00FCAF8F /* Extensions */ = {
			isa = PBXGroup;
			children = (
				2152C33E22436C710002E1ED /* Collection+KeyPath.swift */,
				OBJ_9 /* Dictionary+Creational.swift */,
			);
			path = Extensions;
			sourceTree = "<group>";
		};
		2140DD5A2216777400FCAF8F /* Models */ = {
			isa = PBXGroup;
			children = (
				2152C34D22437C400002E1ED /* Errors */,
				2152C33C22436C570002E1ED /* FileExtension.swift */,
				OBJ_12 /* MatchString.swift */,
				2152C349224374FF0002E1ED /* NoOption.swift */,
				OBJ_13 /* ReadingFileFormat.swift */,
				2140DD6422169E6E00FCAF8F /* Result.swift */,
			);
			path = Models;
			sourceTree = "<group>";
		};
		2140DD5B221677B600FCAF8F /* Utilities */ = {
			isa = PBXGroup;
			children = (
				2152C34022436E6E0002E1ED /* CommandLineTool.swift */,
				OBJ_10 /* FileIterator.swift */,
				OBJ_11 /* LocalizableWriter.swift */,
				OBJ_15 /* StringMatcher.swift */,
				OBJ_16 /* UnlocalizedStringFinder.swift */,
			);
			path = Utilities;
			sourceTree = "<group>";
		};
		2140DD5E2216831900FCAF8F /* Steps */ = {
			isa = PBXGroup;
			children = (
				2152C34B224378E50002E1ED /* CleanStringsStep.swift */,
				2140DD6B2216AC8B00FCAF8F /* CombineStringsStep.swift */,
				2140DD5F2216833800FCAF8F /* GenerateStringsStep.swift */,
				2140DD692216A41800FCAF8F /* GetLocalizableStringsStep.swift */,
				2140DD6D2216AFF800FCAF8F /* WriteLocalizablesStep.swift */,
			);
			path = Steps;
			sourceTree = "<group>";
		};
		2140DD6122169E3F00FCAF8F /* Protocols */ = {
			isa = PBXGroup;
			children = (
				2140DD6622169EB300FCAF8F /* BaseError.swift */,
				2152C347224374EA0002E1ED /* Command.swift */,
				2140DD6222169E5800FCAF8F /* Step.swift */,
			);
			path = Protocols;
			sourceTree = "<group>";
		};
		2152C342224374B00002E1ED /* Commands */ = {
			isa = PBXGroup;
			children = (
				2152C345224374DA0002E1ED /* CleanCommand.swift */,
				2152C343224374C20002E1ED /* RunCommand.swift */,
			);
			path = Commands;
			sourceTree = "<group>";
		};
		2152C34D22437C400002E1ED /* Errors */ = {
			isa = PBXGroup;
			children = (
				2152C34E22437C490002E1ED /* CommandError.swift */,
			);
			path = Errors;
			sourceTree = "<group>";
		};
		OBJ_18 /* Tests */ = {
			isa = PBXGroup;
			children = (
				OBJ_19 /* localizeTests */,
			);
			name = Tests;
			sourceTree = SOURCE_ROOT;
		};
		OBJ_19 /* localizeTests */ = {
			isa = PBXGroup;
			children = (
				OBJ_20 /* XCTestManifests.swift */,
				OBJ_21 /* localizeTests.swift */,
			);
			name = localizeTests;
			path = Tests/localizeTests;
			sourceTree = SOURCE_ROOT;
		};
		OBJ_23 /* Products */ = {
			isa = PBXGroup;
			children = (
				"localize::localizeTests::Product" /* localizeTests.xctest */,
				"localize::localize::Product" /* localize */,
			);
			name = Products;
			sourceTree = BUILT_PRODUCTS_DIR;
		};
		OBJ_5 = {
			isa = PBXGroup;
			children = (
				OBJ_6 /* Package.swift */,
				OBJ_7 /* Sources */,
				OBJ_18 /* Tests */,
				OBJ_23 /* Products */,
			);
			sourceTree = "<group>";
		};
		OBJ_7 /* Sources */ = {
			isa = PBXGroup;
			children = (
				OBJ_8 /* localize */,
			);
			name = Sources;
			sourceTree = SOURCE_ROOT;
		};
		OBJ_8 /* localize */ = {
			isa = PBXGroup;
			children = (
				2152C342224374B00002E1ED /* Commands */,
				2140DD592216775A00FCAF8F /* Extensions */,
				2140DD5A2216777400FCAF8F /* Models */,
				2140DD5E2216831900FCAF8F /* Steps */,
				2140DD6122169E3F00FCAF8F /* Protocols */,
				2140DD5B221677B600FCAF8F /* Utilities */,
				OBJ_17 /* main.swift */,
			);
			name = localize;
			path = Sources/localize;
			sourceTree = SOURCE_ROOT;
		};
/* End PBXGroup section */

/* Begin PBXNativeTarget section */
		"localize::SwiftPMPackageDescription" /* localizePackageDescription */ = {
			isa = PBXNativeTarget;
			buildConfigurationList = OBJ_42 /* Build configuration list for PBXNativeTarget "localizePackageDescription" */;
			buildPhases = (
				OBJ_45 /* Sources */,
			);
			buildRules = (
			);
			dependencies = (
			);
			name = localizePackageDescription;
			productName = localizePackageDescription;
			productType = "com.apple.product-type.framework";
		};
		"localize::localize" /* localize */ = {
			isa = PBXNativeTarget;
			buildConfigurationList = OBJ_27 /* Build configuration list for PBXNativeTarget "localize" */;
			buildPhases = (
				OBJ_30 /* Sources */,
				OBJ_40 /* Frameworks */,
			);
			buildRules = (
			);
			dependencies = (
			);
			name = localize;
			productName = localize;
			productReference = "localize::localize::Product" /* localize */;
			productType = "com.apple.product-type.tool";
		};
		"localize::localizeTests" /* localizeTests */ = {
			isa = PBXNativeTarget;
			buildConfigurationList = OBJ_53 /* Build configuration list for PBXNativeTarget "localizeTests" */;
			buildPhases = (
				OBJ_56 /* Sources */,
				OBJ_59 /* Frameworks */,
			);
			buildRules = (
			);
			dependencies = (
				OBJ_60 /* PBXTargetDependency */,
			);
			name = localizeTests;
			productName = localizeTests;
			productReference = "localize::localizeTests::Product" /* localizeTests.xctest */;
			productType = "com.apple.product-type.bundle.unit-test";
		};
/* End PBXNativeTarget section */

/* Begin PBXProject section */
		OBJ_1 /* Project object */ = {
			isa = PBXProject;
			attributes = {
				LastUpgradeCheck = 9999;
			};
			buildConfigurationList = OBJ_2 /* Build configuration list for PBXProject "localize" */;
			compatibilityVersion = "Xcode 3.2";
			developmentRegion = English;
			hasScannedForEncodings = 0;
			knownRegions = (
				en,
			);
			mainGroup = OBJ_5;
			productRefGroup = OBJ_23 /* Products */;
			projectDirPath = "";
			projectRoot = "";
			targets = (
				"localize::localize" /* localize */,
				"localize::SwiftPMPackageDescription" /* localizePackageDescription */,
				"localize::localizePackageTests::ProductTarget" /* localizePackageTests */,
				"localize::localizeTests" /* localizeTests */,
			);
		};
/* End PBXProject section */

/* Begin PBXSourcesBuildPhase section */
		OBJ_30 /* Sources */ = {
			isa = PBXSourcesBuildPhase;
			buildActionMask = 0;
			files = (
				2140DD6A2216A41800FCAF8F /* GetLocalizableStringsStep.swift in Sources */,
				2140DD6322169E5800FCAF8F /* Step.swift in Sources */,
				2140DD602216833800FCAF8F /* GenerateStringsStep.swift in Sources */,
				OBJ_31 /* Dictionary+Creational.swift in Sources */,
				OBJ_32 /* FileIterator.swift in Sources */,
				2140DD6C2216AC8B00FCAF8F /* CombineStringsStep.swift in Sources */,
				2152C346224374DA0002E1ED /* CleanCommand.swift in Sources */,
				OBJ_33 /* LocalizableWriter.swift in Sources */,
				OBJ_34 /* MatchString.swift in Sources */,
				2152C348224374EA0002E1ED /* Command.swift in Sources */,
				2140DD6522169E6E00FCAF8F /* Result.swift in Sources */,
				OBJ_35 /* ReadingFileFormat.swift in Sources */,
				2152C34A224374FF0002E1ED /* NoOption.swift in Sources */,
				2140DD6722169EB300FCAF8F /* BaseError.swift in Sources */,
				2152C344224374C20002E1ED /* RunCommand.swift in Sources */,
				2152C33F22436C710002E1ED /* Collection+KeyPath.swift in Sources */,
				2152C33D22436C570002E1ED /* FileExtension.swift in Sources */,
				2152C34C224378E50002E1ED /* CleanStringsStep.swift in Sources */,
				OBJ_37 /* StringMatcher.swift in Sources */,
				OBJ_38 /* UnlocalizedStringFinder.swift in Sources */,
				2140DD6E2216AFF800FCAF8F /* WriteLocalizablesStep.swift in Sources */,
				2152C34F22437C490002E1ED /* CommandError.swift in Sources */,
				OBJ_39 /* main.swift in Sources */,
				2152C34122436E6E0002E1ED /* CommandLineTool.swift in Sources */,
			);
			runOnlyForDeploymentPostprocessing = 0;
		};
		OBJ_45 /* Sources */ = {
			isa = PBXSourcesBuildPhase;
			buildActionMask = 0;
			files = (
				OBJ_46 /* Package.swift in Sources */,
			);
			runOnlyForDeploymentPostprocessing = 0;
		};
		OBJ_56 /* Sources */ = {
			isa = PBXSourcesBuildPhase;
			buildActionMask = 0;
			files = (
				OBJ_57 /* XCTestManifests.swift in Sources */,
				OBJ_58 /* localizeTests.swift in Sources */,
			);
			runOnlyForDeploymentPostprocessing = 0;
		};
/* End PBXSourcesBuildPhase section */

/* Begin PBXTargetDependency section */
		OBJ_51 /* PBXTargetDependency */ = {
			isa = PBXTargetDependency;
			target = "localize::localizeTests" /* localizeTests */;
			targetProxy = 2140DD58221675BA00FCAF8F /* PBXContainerItemProxy */;
		};
		OBJ_60 /* PBXTargetDependency */ = {
			isa = PBXTargetDependency;
			target = "localize::localize" /* localize */;
			targetProxy = 2140DD57221675BA00FCAF8F /* PBXContainerItemProxy */;
		};
/* End PBXTargetDependency section */

/* Begin XCBuildConfiguration section */
		OBJ_28 /* Debug */ = {
			isa = XCBuildConfiguration;
			buildSettings = {
				FRAMEWORK_SEARCH_PATHS = (
					"$(inherited)",
					"$(PLATFORM_DIR)/Developer/Library/Frameworks",
				);
				HEADER_SEARCH_PATHS = "$(inherited)";
				INFOPLIST_FILE = localize.xcodeproj/localize_Info.plist;
				LD_RUNPATH_SEARCH_PATHS = "$(inherited) $(TOOLCHAIN_DIR)/usr/lib/swift/macosx @executable_path";
				OTHER_CFLAGS = "$(inherited)";
				OTHER_LDFLAGS = "$(inherited)";
				OTHER_SWIFT_FLAGS = "$(inherited)";
				SWIFT_ACTIVE_COMPILATION_CONDITIONS = "$(inherited)";
				SWIFT_FORCE_DYNAMIC_LINK_STDLIB = YES;
				SWIFT_FORCE_STATIC_LINK_STDLIB = NO;
				SWIFT_VERSION = 4.2;
				TARGET_NAME = localize;
			};
			name = Debug;
		};
		OBJ_29 /* Release */ = {
			isa = XCBuildConfiguration;
			buildSettings = {
				FRAMEWORK_SEARCH_PATHS = (
					"$(inherited)",
					"$(PLATFORM_DIR)/Developer/Library/Frameworks",
				);
				HEADER_SEARCH_PATHS = "$(inherited)";
				INFOPLIST_FILE = localize.xcodeproj/localize_Info.plist;
				LD_RUNPATH_SEARCH_PATHS = "$(inherited) $(TOOLCHAIN_DIR)/usr/lib/swift/macosx @executable_path";
				OTHER_CFLAGS = "$(inherited)";
				OTHER_LDFLAGS = "$(inherited)";
				OTHER_SWIFT_FLAGS = "$(inherited)";
				SWIFT_ACTIVE_COMPILATION_CONDITIONS = "$(inherited)";
				SWIFT_FORCE_DYNAMIC_LINK_STDLIB = YES;
				SWIFT_FORCE_STATIC_LINK_STDLIB = NO;
				SWIFT_VERSION = 4.2;
				TARGET_NAME = localize;
			};
			name = Release;
		};
		OBJ_3 /* Debug */ = {
			isa = XCBuildConfiguration;
			buildSettings = {
				CLANG_ENABLE_OBJC_ARC = YES;
				COMBINE_HIDPI_IMAGES = YES;
				COPY_PHASE_STRIP = NO;
				DEBUG_INFORMATION_FORMAT = dwarf;
				DYLIB_INSTALL_NAME_BASE = "@rpath";
				ENABLE_NS_ASSERTIONS = YES;
				GCC_OPTIMIZATION_LEVEL = 0;
				GCC_PREPROCESSOR_DEFINITIONS = (
					"DEBUG=1",
					"$(inherited)",
				);
				MACOSX_DEPLOYMENT_TARGET = 10.10;
				ONLY_ACTIVE_ARCH = YES;
				OTHER_SWIFT_FLAGS = "-DXcode";
				PRODUCT_NAME = "$(TARGET_NAME)";
				SDKROOT = macosx;
				SUPPORTED_PLATFORMS = "macosx iphoneos iphonesimulator appletvos appletvsimulator watchos watchsimulator";
				SWIFT_ACTIVE_COMPILATION_CONDITIONS = "SWIFT_PACKAGE DEBUG";
				SWIFT_OPTIMIZATION_LEVEL = "-Onone";
				USE_HEADERMAP = NO;
			};
			name = Debug;
		};
		OBJ_4 /* Release */ = {
			isa = XCBuildConfiguration;
			buildSettings = {
				CLANG_ENABLE_OBJC_ARC = YES;
				COMBINE_HIDPI_IMAGES = YES;
				COPY_PHASE_STRIP = YES;
				DEBUG_INFORMATION_FORMAT = "dwarf-with-dsym";
				DYLIB_INSTALL_NAME_BASE = "@rpath";
				GCC_OPTIMIZATION_LEVEL = s;
				MACOSX_DEPLOYMENT_TARGET = 10.10;
				OTHER_SWIFT_FLAGS = "-DXcode";
				PRODUCT_NAME = "$(TARGET_NAME)";
				SDKROOT = macosx;
				SUPPORTED_PLATFORMS = "macosx iphoneos iphonesimulator appletvos appletvsimulator watchos watchsimulator";
				SWIFT_ACTIVE_COMPILATION_CONDITIONS = SWIFT_PACKAGE;
				SWIFT_OPTIMIZATION_LEVEL = "-Owholemodule";
				USE_HEADERMAP = NO;
			};
			name = Release;
		};
		OBJ_43 /* Debug */ = {
			isa = XCBuildConfiguration;
			buildSettings = {
				LD = /usr/bin/true;
				OTHER_SWIFT_FLAGS = "-swift-version 4.2 -I $(TOOLCHAIN_DIR)/usr/lib/swift/pm/4_2 -target x86_64-apple-macosx10.10 -sdk /Applications/Xcode.app/Contents/Developer/Platforms/MacOSX.platform/Developer/SDKs/MacOSX10.14.sdk";
				SWIFT_VERSION = 4.2;
			};
			name = Debug;
		};
		OBJ_44 /* Release */ = {
			isa = XCBuildConfiguration;
			buildSettings = {
				LD = /usr/bin/true;
				OTHER_SWIFT_FLAGS = "-swift-version 4.2 -I $(TOOLCHAIN_DIR)/usr/lib/swift/pm/4_2 -target x86_64-apple-macosx10.10 -sdk /Applications/Xcode.app/Contents/Developer/Platforms/MacOSX.platform/Developer/SDKs/MacOSX10.14.sdk";
				SWIFT_VERSION = 4.2;
			};
			name = Release;
		};
		OBJ_49 /* Debug */ = {
			isa = XCBuildConfiguration;
			buildSettings = {
			};
			name = Debug;
		};
		OBJ_50 /* Release */ = {
			isa = XCBuildConfiguration;
			buildSettings = {
			};
			name = Release;
		};
		OBJ_54 /* Debug */ = {
			isa = XCBuildConfiguration;
			buildSettings = {
				CLANG_ENABLE_MODULES = YES;
				EMBEDDED_CONTENT_CONTAINS_SWIFT = YES;
				FRAMEWORK_SEARCH_PATHS = (
					"$(inherited)",
					"$(PLATFORM_DIR)/Developer/Library/Frameworks",
				);
				HEADER_SEARCH_PATHS = "$(inherited)";
				INFOPLIST_FILE = localize.xcodeproj/localizeTests_Info.plist;
				LD_RUNPATH_SEARCH_PATHS = "$(inherited) @loader_path/../Frameworks @loader_path/Frameworks";
				OTHER_CFLAGS = "$(inherited)";
				OTHER_LDFLAGS = "$(inherited)";
				OTHER_SWIFT_FLAGS = "$(inherited)";
				SWIFT_ACTIVE_COMPILATION_CONDITIONS = "$(inherited)";
				SWIFT_VERSION = 4.2;
				TARGET_NAME = localizeTests;
			};
			name = Debug;
		};
		OBJ_55 /* Release */ = {
			isa = XCBuildConfiguration;
			buildSettings = {
				CLANG_ENABLE_MODULES = YES;
				EMBEDDED_CONTENT_CONTAINS_SWIFT = YES;
				FRAMEWORK_SEARCH_PATHS = (
					"$(inherited)",
					"$(PLATFORM_DIR)/Developer/Library/Frameworks",
				);
				HEADER_SEARCH_PATHS = "$(inherited)";
				INFOPLIST_FILE = localize.xcodeproj/localizeTests_Info.plist;
				LD_RUNPATH_SEARCH_PATHS = "$(inherited) @loader_path/../Frameworks @loader_path/Frameworks";
				OTHER_CFLAGS = "$(inherited)";
				OTHER_LDFLAGS = "$(inherited)";
				OTHER_SWIFT_FLAGS = "$(inherited)";
				SWIFT_ACTIVE_COMPILATION_CONDITIONS = "$(inherited)";
				SWIFT_VERSION = 4.2;
				TARGET_NAME = localizeTests;
			};
			name = Release;
		};
/* End XCBuildConfiguration section */

/* Begin XCConfigurationList section */
		OBJ_2 /* Build configuration list for PBXProject "localize" */ = {
			isa = XCConfigurationList;
			buildConfigurations = (
				OBJ_3 /* Debug */,
				OBJ_4 /* Release */,
			);
			defaultConfigurationIsVisible = 0;
			defaultConfigurationName = Release;
		};
		OBJ_27 /* Build configuration list for PBXNativeTarget "localize" */ = {
			isa = XCConfigurationList;
			buildConfigurations = (
				OBJ_28 /* Debug */,
				OBJ_29 /* Release */,
			);
			defaultConfigurationIsVisible = 0;
			defaultConfigurationName = Release;
		};
		OBJ_42 /* Build configuration list for PBXNativeTarget "localizePackageDescription" */ = {
			isa = XCConfigurationList;
			buildConfigurations = (
				OBJ_43 /* Debug */,
				OBJ_44 /* Release */,
			);
			defaultConfigurationIsVisible = 0;
			defaultConfigurationName = Release;
		};
		OBJ_48 /* Build configuration list for PBXAggregateTarget "localizePackageTests" */ = {
			isa = XCConfigurationList;
			buildConfigurations = (
				OBJ_49 /* Debug */,
				OBJ_50 /* Release */,
			);
			defaultConfigurationIsVisible = 0;
			defaultConfigurationName = Release;
		};
		OBJ_53 /* Build configuration list for PBXNativeTarget "localizeTests" */ = {
			isa = XCConfigurationList;
			buildConfigurations = (
				OBJ_54 /* Debug */,
				OBJ_55 /* Release */,
			);
			defaultConfigurationIsVisible = 0;
			defaultConfigurationName = Release;
		};
/* End XCConfigurationList section */
	};
	rootObject = OBJ_1 /* Project object */;
}
