// !$*UTF8*$!
{
	archiveVersion = 1;
	classes = {
	};
	objectVersion = 50;
	objects = {

/* Begin PBXBuildFile section */
		2100044A213560C000790CD5 /* main.swift in Sources */ = {isa = PBXBuildFile; fileRef = 21000449213560C000790CD5 /* main.swift */; };
		21000451213560DB00790CD5 /* MatchString.swift in Sources */ = {isa = PBXBuildFile; fileRef = 21000450213560DB00790CD5 /* MatchString.swift */; };
		21000453213560FE00790CD5 /* StringMatcher.swift in Sources */ = {isa = PBXBuildFile; fileRef = 21000452213560FE00790CD5 /* StringMatcher.swift */; };
		210004552135611C00790CD5 /* ReadingFileFormat.swift in Sources */ = {isa = PBXBuildFile; fileRef = 210004542135611C00790CD5 /* ReadingFileFormat.swift */; };
		210004572135613700790CD5 /* FileIterator.swift in Sources */ = {isa = PBXBuildFile; fileRef = 210004562135613700790CD5 /* FileIterator.swift */; };
		210004592135615700790CD5 /* LocalizableWriter.swift in Sources */ = {isa = PBXBuildFile; fileRef = 210004582135615700790CD5 /* LocalizableWriter.swift */; };
		2100045B2135632500790CD5 /* Dictionary+Creational.swift in Sources */ = {isa = PBXBuildFile; fileRef = 2100045A2135632500790CD5 /* Dictionary+Creational.swift */; };
/* End PBXBuildFile section */

/* Begin PBXCopyFilesBuildPhase section */
		21000444213560BF00790CD5 /* CopyFiles */ = {
			isa = PBXCopyFilesBuildPhase;
			buildActionMask = 2147483647;
			dstPath = /usr/share/man/man1/;
			dstSubfolderSpec = 0;
			files = (
			);
			runOnlyForDeploymentPostprocessing = 1;
		};
/* End PBXCopyFilesBuildPhase section */

/* Begin PBXFileReference section */
		21000446213560BF00790CD5 /* localize */ = {isa = PBXFileReference; explicitFileType = "compiled.mach-o.executable"; includeInIndex = 0; path = localize; sourceTree = BUILT_PRODUCTS_DIR; };
		21000449213560C000790CD5 /* main.swift */ = {isa = PBXFileReference; lastKnownFileType = sourcecode.swift; path = main.swift; sourceTree = "<group>"; };
		21000450213560DB00790CD5 /* MatchString.swift */ = {isa = PBXFileReference; lastKnownFileType = sourcecode.swift; path = MatchString.swift; sourceTree = "<group>"; };
		21000452213560FE00790CD5 /* StringMatcher.swift */ = {isa = PBXFileReference; lastKnownFileType = sourcecode.swift; path = StringMatcher.swift; sourceTree = "<group>"; };
		210004542135611C00790CD5 /* ReadingFileFormat.swift */ = {isa = PBXFileReference; lastKnownFileType = sourcecode.swift; path = ReadingFileFormat.swift; sourceTree = "<group>"; };
		210004562135613700790CD5 /* FileIterator.swift */ = {isa = PBXFileReference; lastKnownFileType = sourcecode.swift; path = FileIterator.swift; sourceTree = "<group>"; };
		210004582135615700790CD5 /* LocalizableWriter.swift */ = {isa = PBXFileReference; lastKnownFileType = sourcecode.swift; path = LocalizableWriter.swift; sourceTree = "<group>"; };
		2100045A2135632500790CD5 /* Dictionary+Creational.swift */ = {isa = PBXFileReference; lastKnownFileType = sourcecode.swift; path = "Dictionary+Creational.swift"; sourceTree = "<group>"; };
/* End PBXFileReference section */

/* Begin PBXFrameworksBuildPhase section */
		21000443213560BF00790CD5 /* Frameworks */ = {
			isa = PBXFrameworksBuildPhase;
			buildActionMask = 2147483647;
			files = (
			);
			runOnlyForDeploymentPostprocessing = 0;
		};
/* End PBXFrameworksBuildPhase section */

/* Begin PBXGroup section */
		2100043D213560BF00790CD5 = {
			isa = PBXGroup;
			children = (
				21000448213560C000790CD5 /* localize */,
				21000447213560BF00790CD5 /* Products */,
			);
			sourceTree = "<group>";
		};
		21000447213560BF00790CD5 /* Products */ = {
			isa = PBXGroup;
			children = (
				21000446213560BF00790CD5 /* localize */,
			);
			name = Products;
			sourceTree = "<group>";
		};
		21000448213560C000790CD5 /* localize */ = {
			isa = PBXGroup;
			children = (
				21000449213560C000790CD5 /* main.swift */,
				21000450213560DB00790CD5 /* MatchString.swift */,
				21000452213560FE00790CD5 /* StringMatcher.swift */,
				210004542135611C00790CD5 /* ReadingFileFormat.swift */,
				210004562135613700790CD5 /* FileIterator.swift */,
				210004582135615700790CD5 /* LocalizableWriter.swift */,
				2100045A2135632500790CD5 /* Dictionary+Creational.swift */,
			);
			path = localize;
			sourceTree = "<group>";
		};
/* End PBXGroup section */

/* Begin PBXNativeTarget section */
		21000445213560BF00790CD5 /* localize */ = {
			isa = PBXNativeTarget;
			buildConfigurationList = 2100044D213560C000790CD5 /* Build configuration list for PBXNativeTarget "localize" */;
			buildPhases = (
				21000442213560BF00790CD5 /* Sources */,
				21000443213560BF00790CD5 /* Frameworks */,
				21000444213560BF00790CD5 /* CopyFiles */,
			);
			buildRules = (
			);
			dependencies = (
			);
			name = localize;
			productName = localize;
			productReference = 21000446213560BF00790CD5 /* localize */;
			productType = "com.apple.product-type.tool";
		};
/* End PBXNativeTarget section */

/* Begin PBXProject section */
		2100043E213560BF00790CD5 /* Project object */ = {
			isa = PBXProject;
			attributes = {
				LastSwiftUpdateCheck = 0940;
				LastUpgradeCheck = 0940;
				ORGANIZATIONNAME = Nimbl3;
				TargetAttributes = {
					21000445213560BF00790CD5 = {
						CreatedOnToolsVersion = 9.4.1;
					};
				};
			};
			buildConfigurationList = 21000441213560BF00790CD5 /* Build configuration list for PBXProject "localize" */;
			compatibilityVersion = "Xcode 9.3";
			developmentRegion = en;
			hasScannedForEncodings = 0;
			knownRegions = (
				en,
			);
			mainGroup = 2100043D213560BF00790CD5;
			productRefGroup = 21000447213560BF00790CD5 /* Products */;
			projectDirPath = "";
			projectRoot = "";
			targets = (
				21000445213560BF00790CD5 /* localize */,
			);
		};
/* End PBXProject section */

/* Begin PBXSourcesBuildPhase section */
		21000442213560BF00790CD5 /* Sources */ = {
			isa = PBXSourcesBuildPhase;
			buildActionMask = 2147483647;
			files = (
				2100045B2135632500790CD5 /* Dictionary+Creational.swift in Sources */,
				210004552135611C00790CD5 /* ReadingFileFormat.swift in Sources */,
				210004572135613700790CD5 /* FileIterator.swift in Sources */,
				21000451213560DB00790CD5 /* MatchString.swift in Sources */,
				210004592135615700790CD5 /* LocalizableWriter.swift in Sources */,
				2100044A213560C000790CD5 /* main.swift in Sources */,
				21000453213560FE00790CD5 /* StringMatcher.swift in Sources */,
			);
			runOnlyForDeploymentPostprocessing = 0;
		};
/* End PBXSourcesBuildPhase section */

/* Begin XCBuildConfiguration section */
		2100044B213560C000790CD5 /* Debug */ = {
			isa = XCBuildConfiguration;
			buildSettings = {
				ALWAYS_SEARCH_USER_PATHS = NO;
				CLANG_ANALYZER_NONNULL = YES;
				CLANG_ANALYZER_NUMBER_OBJECT_CONVERSION = YES_AGGRESSIVE;
				CLANG_CXX_LANGUAGE_STANDARD = "gnu++14";
				CLANG_CXX_LIBRARY = "libc++";
				CLANG_ENABLE_MODULES = YES;
				CLANG_ENABLE_OBJC_ARC = YES;
				CLANG_ENABLE_OBJC_WEAK = YES;
				CLANG_WARN_BLOCK_CAPTURE_AUTORELEASING = YES;
				CLANG_WARN_BOOL_CONVERSION = YES;
				CLANG_WARN_COMMA = YES;
				CLANG_WARN_CONSTANT_CONVERSION = YES;
				CLANG_WARN_DEPRECATED_OBJC_IMPLEMENTATIONS = YES;
				CLANG_WARN_DIRECT_OBJC_ISA_USAGE = YES_ERROR;
				CLANG_WARN_DOCUMENTATION_COMMENTS = YES;
				CLANG_WARN_EMPTY_BODY = YES;
				CLANG_WARN_ENUM_CONVERSION = YES;
				CLANG_WARN_INFINITE_RECURSION = YES;
				CLANG_WARN_INT_CONVERSION = YES;
				CLANG_WARN_NON_LITERAL_NULL_CONVERSION = YES;
				CLANG_WARN_OBJC_IMPLICIT_RETAIN_SELF = YES;
				CLANG_WARN_OBJC_LITERAL_CONVERSION = YES;
				CLANG_WARN_OBJC_ROOT_CLASS = YES_ERROR;
				CLANG_WARN_RANGE_LOOP_ANALYSIS = YES;
				CLANG_WARN_STRICT_PROTOTYPES = YES;
				CLANG_WARN_SUSPICIOUS_MOVE = YES;
				CLANG_WARN_UNGUARDED_AVAILABILITY = YES_AGGRESSIVE;
				CLANG_WARN_UNREACHABLE_CODE = YES;
				CLANG_WARN__DUPLICATE_METHOD_MATCH = YES;
				CODE_SIGN_IDENTITY = "Mac Developer";
				COPY_PHASE_STRIP = NO;
				DEBUG_INFORMATION_FORMAT = dwarf;
				ENABLE_STRICT_OBJC_MSGSEND = YES;
				ENABLE_TESTABILITY = YES;
				GCC_C_LANGUAGE_STANDARD = gnu11;
				GCC_DYNAMIC_NO_PIC = NO;
				GCC_NO_COMMON_BLOCKS = YES;
				GCC_OPTIMIZATION_LEVEL = 0;
				GCC_PREPROCESSOR_DEFINITIONS = (
					"DEBUG=1",
					"$(inherited)",
				);
				GCC_WARN_64_TO_32_BIT_CONVERSION = YES;
				GCC_WARN_ABOUT_RETURN_TYPE = YES_ERROR;
				GCC_WARN_UNDECLARED_SELECTOR = YES;
				GCC_WARN_UNINITIALIZED_AUTOS = YES_AGGRESSIVE;
				GCC_WARN_UNUSED_FUNCTION = YES;
				GCC_WARN_UNUSED_VARIABLE = YES;
				MACOSX_DEPLOYMENT_TARGET = 10.13;
				MTL_ENABLE_DEBUG_INFO = YES;
				ONLY_ACTIVE_ARCH = YES;
				SDKROOT = macosx;
				SWIFT_ACTIVE_COMPILATION_CONDITIONS = DEBUG;
				SWIFT_OPTIMIZATION_LEVEL = "-Onone";
			};
			name = Debug;
		};
		2100044C213560C000790CD5 /* Release */ = {
			isa = XCBuildConfiguration;
			buildSettings = {
				ALWAYS_SEARCH_USER_PATHS = NO;
				CLANG_ANALYZER_NONNULL = YES;
				CLANG_ANALYZER_NUMBER_OBJECT_CONVERSION = YES_AGGRESSIVE;
				CLANG_CXX_LANGUAGE_STANDARD = "gnu++14";
				CLANG_CXX_LIBRARY = "libc++";
				CLANG_ENABLE_MODULES = YES;
				CLANG_ENABLE_OBJC_ARC = YES;
				CLANG_ENABLE_OBJC_WEAK = YES;
				CLANG_WARN_BLOCK_CAPTURE_AUTORELEASING = YES;
				CLANG_WARN_BOOL_CONVERSION = YES;
				CLANG_WARN_COMMA = YES;
				CLANG_WARN_CONSTANT_CONVERSION = YES;
				CLANG_WARN_DEPRECATED_OBJC_IMPLEMENTATIONS = YES;
				CLANG_WARN_DIRECT_OBJC_ISA_USAGE = YES_ERROR;
				CLANG_WARN_DOCUMENTATION_COMMENTS = YES;
				CLANG_WARN_EMPTY_BODY = YES;
				CLANG_WARN_ENUM_CONVERSION = YES;
				CLANG_WARN_INFINITE_RECURSION = YES;
				CLANG_WARN_INT_CONVERSION = YES;
				CLANG_WARN_NON_LITERAL_NULL_CONVERSION = YES;
				CLANG_WARN_OBJC_IMPLICIT_RETAIN_SELF = YES;
				CLANG_WARN_OBJC_LITERAL_CONVERSION = YES;
				CLANG_WARN_OBJC_ROOT_CLASS = YES_ERROR;
				CLANG_WARN_RANGE_LOOP_ANALYSIS = YES;
				CLANG_WARN_STRICT_PROTOTYPES = YES;
				CLANG_WARN_SUSPICIOUS_MOVE = YES;
				CLANG_WARN_UNGUARDED_AVAILABILITY = YES_AGGRESSIVE;
				CLANG_WARN_UNREACHABLE_CODE = YES;
				CLANG_WARN__DUPLICATE_METHOD_MATCH = YES;
				CODE_SIGN_IDENTITY = "Mac Developer";
				COPY_PHASE_STRIP = NO;
				DEBUG_INFORMATION_FORMAT = "dwarf-with-dsym";
				ENABLE_NS_ASSERTIONS = NO;
				ENABLE_STRICT_OBJC_MSGSEND = YES;
				GCC_C_LANGUAGE_STANDARD = gnu11;
				GCC_NO_COMMON_BLOCKS = YES;
				GCC_WARN_64_TO_32_BIT_CONVERSION = YES;
				GCC_WARN_ABOUT_RETURN_TYPE = YES_ERROR;
				GCC_WARN_UNDECLARED_SELECTOR = YES;
				GCC_WARN_UNINITIALIZED_AUTOS = YES_AGGRESSIVE;
				GCC_WARN_UNUSED_FUNCTION = YES;
				GCC_WARN_UNUSED_VARIABLE = YES;
				MACOSX_DEPLOYMENT_TARGET = 10.13;
				MTL_ENABLE_DEBUG_INFO = NO;
				SDKROOT = macosx;
				SWIFT_COMPILATION_MODE = wholemodule;
				SWIFT_OPTIMIZATION_LEVEL = "-O";
			};
			name = Release;
		};
		2100044E213560C000790CD5 /* Debug */ = {
			isa = XCBuildConfiguration;
			buildSettings = {
				CODE_SIGN_STYLE = Automatic;
				DEVELOPMENT_TEAM = 4TWS7E2EPE;
				PRODUCT_NAME = "$(TARGET_NAME)";
				SWIFT_VERSION = 4.0;
			};
			name = Debug;
		};
		2100044F213560C000790CD5 /* Release */ = {
			isa = XCBuildConfiguration;
			buildSettings = {
				CODE_SIGN_STYLE = Automatic;
				DEVELOPMENT_TEAM = 4TWS7E2EPE;
				PRODUCT_NAME = "$(TARGET_NAME)";
				SWIFT_VERSION = 4.0;
			};
			name = Release;
		};
/* End XCBuildConfiguration section */

/* Begin XCConfigurationList section */
		21000441213560BF00790CD5 /* Build configuration list for PBXProject "localize" */ = {
			isa = XCConfigurationList;
			buildConfigurations = (
				2100044B213560C000790CD5 /* Debug */,
				2100044C213560C000790CD5 /* Release */,
			);
			defaultConfigurationIsVisible = 0;
			defaultConfigurationName = Release;
		};
		2100044D213560C000790CD5 /* Build configuration list for PBXNativeTarget "localize" */ = {
			isa = XCConfigurationList;
			buildConfigurations = (
				2100044E213560C000790CD5 /* Debug */,
				2100044F213560C000790CD5 /* Release */,
			);
			defaultConfigurationIsVisible = 0;
			defaultConfigurationName = Release;
		};
/* End XCConfigurationList section */
	};
	rootObject = 2100043E213560BF00790CD5 /* Project object */;
}
